
Microsoft Visual Studio Solution File, Format Version 12.00
# Visual Studio Version 17
VisualStudioVersion = 17.0.31903.59
MinimumVisualStudioVersion = 10.0.40219.1
Project("{2150E333-8FDC-42A3-9474-1A3956D46DE8}") = "Backend", "Backend", "{1AE8ACA6-933B-BF2A-3671-3E2EAC007D16}"
EndProject
Project("{2150E333-8FDC-42A3-9474-1A3956D46DE8}") = "src", "src", "{0F9113EE-888A-26D2-68B0-4A7D0A2A8745}"
EndProject
Project("{FAE04EC0-301F-11D3-BF4B-00C04F79EFBC}") = "ClaimBase.Domain", "Backend\src\ClaimBase.Domain\ClaimBase.Domain.csproj", "{7F0E1625-FDE8-4DA1-A612-1FDA7EF064A4}"
EndProject
Project("{FAE04EC0-301F-11D3-BF4B-00C04F79EFBC}") = "ClaimBase.Application", "Backend\src\ClaimBase.Application\ClaimBase.Application.csproj", "{EDDA5A3E-1678-4569-AC3A-554758EE2E10}"
EndProject
Project("{FAE04EC0-301F-11D3-BF4B-00C04F79EFBC}") = "ClaimBase.Infrastructure", "Backend\src\ClaimBase.Infrastructure\ClaimBase.Infrastructure.csproj", "{7A0B6B57-9164-4923-93F4-829E197E84BC}"
EndProject
Project("{FAE04EC0-301F-11D3-BF4B-00C04F79EFBC}") = "ClaimBase.Shared", "Backend\src\ClaimBase.Shared\ClaimBase.Shared.csproj", "{F7629CDF-F4B8-4597-B538-9B55F6FC85E4}"
EndProject
Project("{FAE04EC0-301F-11D3-BF4B-00C04F79EFBC}") = "ClaimBase.Api", "Backend\src\ClaimBase.Api\ClaimBase.Api.csproj", "{9E9DA6ED-8BF0-4453-B530-A94B54AED092}"
EndProject
Project("{FAE04EC0-301F-11D3-BF4B-00C04F79EFBC}") = "ClaimBase.Api.Tests", "Backend\tests\ClaimBase.Api.Tests\ClaimBase.Api.Tests.csproj", "{116B02C2-AAB9-41B9-BEE2-7C4F76EDFF7F}"
EndProject
Project("{2150E333-8FDC-42A3-9474-1A3956D46DE8}") = "MobileApp", "MobileApp", "{0FFEEB6A-E627-9A6A-8363-9175E7389C0B}"
EndProject
Project("{FAE04EC0-301F-11D3-BF4B-00C04F79EFBC}") = "ClaimBase.MobileApp", "MobileApp\ClaimBase.MobileApp.csproj", "{F619F8E9-4B8A-4393-A3B8-C464F4573738}"
EndProject
Global
	GlobalSection(SolutionConfigurationPlatforms) = preSolution
		Debug|Any CPU = Debug|Any CPU
		Debug|x64 = Debug|x64
		Debug|x86 = Debug|x86
		Release|Any CPU = Release|Any CPU
		Release|x64 = Release|x64
		Release|x86 = Release|x86
	EndGlobalSection
	GlobalSection(ProjectConfigurationPlatforms) = postSolution
		{7F0E1625-FDE8-4DA1-A612-1FDA7EF064A4}.Debug|Any CPU.ActiveCfg = Debug|Any CPU
		{7F0E1625-FDE8-4DA1-A612-1FDA7EF064A4}.Debug|Any CPU.Build.0 = Debug|Any CPU
		{7F0E1625-FDE8-4DA1-A612-1FDA7EF064A4}.Debug|x64.ActiveCfg = Debug|Any CPU
		{7F0E1625-FDE8-4DA1-A612-1FDA7EF064A4}.Debug|x64.Build.0 = Debug|Any CPU
		{7F0E1625-FDE8-4DA1-A612-1FDA7EF064A4}.Debug|x86.ActiveCfg = Debug|Any CPU
		{7F0E1625-FDE8-4DA1-A612-1FDA7EF064A4}.Debug|x86.Build.0 = Debug|Any CPU
		{7F0E1625-FDE8-4DA1-A612-1FDA7EF064A4}.Release|Any CPU.ActiveCfg = Release|Any CPU
		{7F0E1625-FDE8-4DA1-A612-1FDA7EF064A4}.Release|Any CPU.Build.0 = Release|Any CPU
		{7F0E1625-FDE8-4DA1-A612-1FDA7EF064A4}.Release|x64.ActiveCfg = Release|Any CPU
		{7F0E1625-FDE8-4DA1-A612-1FDA7EF064A4}.Release|x64.Build.0 = Release|Any CPU
		{7F0E1625-FDE8-4DA1-A612-1FDA7EF064A4}.Release|x86.ActiveCfg = Release|Any CPU
		{7F0E1625-FDE8-4DA1-A612-1FDA7EF064A4}.Release|x86.Build.0 = Release|Any CPU
		{EDDA5A3E-1678-4569-AC3A-554758EE2E10}.Debug|Any CPU.ActiveCfg = Debug|Any CPU
		{EDDA5A3E-1678-4569-AC3A-554758EE2E10}.Debug|Any CPU.Build.0 = Debug|Any CPU
		{EDDA5A3E-1678-4569-AC3A-554758EE2E10}.Debug|x64.ActiveCfg = Debug|Any CPU
		{EDDA5A3E-1678-4569-AC3A-554758EE2E10}.Debug|x64.Build.0 = Debug|Any CPU
		{EDDA5A3E-1678-4569-AC3A-554758EE2E10}.Debug|x86.ActiveCfg = Debug|Any CPU
		{EDDA5A3E-1678-4569-AC3A-554758EE2E10}.Debug|x86.Build.0 = Debug|Any CPU
		{EDDA5A3E-1678-4569-AC3A-554758EE2E10}.Release|Any CPU.ActiveCfg = Release|Any CPU
		{EDDA5A3E-1678-4569-AC3A-554758EE2E10}.Release|Any CPU.Build.0 = Release|Any CPU
		{EDDA5A3E-1678-4569-AC3A-554758EE2E10}.Release|x64.ActiveCfg = Release|Any CPU
		{EDDA5A3E-1678-4569-AC3A-554758EE2E10}.Release|x64.Build.0 = Release|Any CPU
		{EDDA5A3E-1678-4569-AC3A-554758EE2E10}.Release|x86.ActiveCfg = Release|Any CPU
		{EDDA5A3E-1678-4569-AC3A-554758EE2E10}.Release|x86.Build.0 = Release|Any CPU
		{7A0B6B57-9164-4923-93F4-829E197E84BC}.Debug|Any CPU.ActiveCfg = Debug|Any CPU
		{7A0B6B57-9164-4923-93F4-829E197E84BC}.Debug|Any CPU.Build.0 = Debug|Any CPU
		{7A0B6B57-9164-4923-93F4-829E197E84BC}.Debug|x64.ActiveCfg = Debug|Any CPU
		{7A0B6B57-9164-4923-93F4-829E197E84BC}.Debug|x64.Build.0 = Debug|Any CPU
		{7A0B6B57-9164-4923-93F4-829E197E84BC}.Debug|x86.ActiveCfg = Debug|Any CPU
		{7A0B6B57-9164-4923-93F4-829E197E84BC}.Debug|x86.Build.0 = Debug|Any CPU
		{7A0B6B57-9164-4923-93F4-829E197E84BC}.Release|Any CPU.ActiveCfg = Release|Any CPU
		{7A0B6B57-9164-4923-93F4-829E197E84BC}.Release|Any CPU.Build.0 = Release|Any CPU
		{7A0B6B57-9164-4923-93F4-829E197E84BC}.Release|x64.ActiveCfg = Release|Any CPU
		{7A0B6B57-9164-4923-93F4-829E197E84BC}.Release|x64.Build.0 = Release|Any CPU
		{7A0B6B57-9164-4923-93F4-829E197E84BC}.Release|x86.ActiveCfg = Release|Any CPU
		{7A0B6B57-9164-4923-93F4-829E197E84BC}.Release|x86.Build.0 = Release|Any CPU
		{F7629CDF-F4B8-4597-B538-9B55F6FC85E4}.Debug|Any CPU.ActiveCfg = Debug|Any CPU
		{F7629CDF-F4B8-4597-B538-9B55F6FC85E4}.Debug|Any CPU.Build.0 = Debug|Any CPU
		{F7629CDF-F4B8-4597-B538-9B55F6FC85E4}.Debug|x64.ActiveCfg = Debug|Any CPU
		{F7629CDF-F4B8-4597-B538-9B55F6FC85E4}.Debug|x64.Build.0 = Debug|Any CPU
		{F7629CDF-F4B8-4597-B538-9B55F6FC85E4}.Debug|x86.ActiveCfg = Debug|Any CPU
		{F7629CDF-F4B8-4597-B538-9B55F6FC85E4}.Debug|x86.Build.0 = Debug|Any CPU
		{F7629CDF-F4B8-4597-B538-9B55F6FC85E4}.Release|Any CPU.ActiveCfg = Release|Any CPU
		{F7629CDF-F4B8-4597-B538-9B55F6FC85E4}.Release|Any CPU.Build.0 = Release|Any CPU
		{F7629CDF-F4B8-4597-B538-9B55F6FC85E4}.Release|x64.ActiveCfg = Release|Any CPU
		{F7629CDF-F4B8-4597-B538-9B55F6FC85E4}.Release|x64.Build.0 = Release|Any CPU
		{F7629CDF-F4B8-4597-B538-9B55F6FC85E4}.Release|x86.ActiveCfg = Release|Any CPU
		{F7629CDF-F4B8-4597-B538-9B55F6FC85E4}.Release|x86.Build.0 = Release|Any CPU
		{9E9DA6ED-8BF0-4453-B530-A94B54AED092}.Debug|Any CPU.ActiveCfg = Debug|Any CPU
		{9E9DA6ED-8BF0-4453-B530-A94B54AED092}.Debug|Any CPU.Build.0 = Debug|Any CPU
		{9E9DA6ED-8BF0-4453-B530-A94B54AED092}.Debug|x64.ActiveCfg = Debug|Any CPU
		{9E9DA6ED-8BF0-4453-B530-A94B54AED092}.Debug|x64.Build.0 = Debug|Any CPU
		{9E9DA6ED-8BF0-4453-B530-A94B54AED092}.Debug|x86.ActiveCfg = Debug|Any CPU
		{9E9DA6ED-8BF0-4453-B530-A94B54AED092}.Debug|x86.Build.0 = Debug|Any CPU
		{9E9DA6ED-8BF0-4453-B530-A94B54AED092}.Release|Any CPU.ActiveCfg = Release|Any CPU
		{9E9DA6ED-8BF0-4453-B530-A94B54AED092}.Release|Any CPU.Build.0 = Release|Any CPU
		{9E9DA6ED-8BF0-4453-B530-A94B54AED092}.Release|x64.ActiveCfg = Release|Any CPU
		{9E9DA6ED-8BF0-4453-B530-A94B54AED092}.Release|x64.Build.0 = Release|Any CPU
		{9E9DA6ED-8BF0-4453-B530-A94B54AED092}.Release|x86.ActiveCfg = Release|Any CPU
		{9E9DA6ED-8BF0-4453-B530-A94B54AED092}.Release|x86.Build.0 = Release|Any CPU
		{116B02C2-AAB9-41B9-BEE2-7C4F76EDFF7F}.Debug|Any CPU.ActiveCfg = Debug|Any CPU
		{116B02C2-AAB9-41B9-BEE2-7C4F76EDFF7F}.Debug|Any CPU.Build.0 = Debug|Any CPU
		{116B02C2-AAB9-41B9-BEE2-7C4F76EDFF7F}.Debug|x64.ActiveCfg = Debug|Any CPU
		{116B02C2-AAB9-41B9-BEE2-7C4F76EDFF7F}.Debug|x64.Build.0 = Debug|Any CPU
		{116B02C2-AAB9-41B9-BEE2-7C4F76EDFF7F}.Debug|x86.ActiveCfg = Debug|Any CPU
		{116B02C2-AAB9-41B9-BEE2-7C4F76EDFF7F}.Debug|x86.Build.0 = Debug|Any CPU
		{116B02C2-AAB9-41B9-BEE2-7C4F76EDFF7F}.Release|Any CPU.ActiveCfg = Release|Any CPU
		{116B02C2-AAB9-41B9-BEE2-7C4F76EDFF7F}.Release|Any CPU.Build.0 = Release|Any CPU
		{116B02C2-AAB9-41B9-BEE2-7C4F76EDFF7F}.Release|x64.ActiveCfg = Release|Any CPU
		{116B02C2-AAB9-41B9-BEE2-7C4F76EDFF7F}.Release|x64.Build.0 = Release|Any CPU
		{116B02C2-AAB9-41B9-BEE2-7C4F76EDFF7F}.Release|x86.ActiveCfg = Release|Any CPU
		{116B02C2-AAB9-41B9-BEE2-7C4F76EDFF7F}.Release|x86.Build.0 = Release|Any CPU
		{F619F8E9-4B8A-4393-A3B8-C464F4573738}.Debug|Any CPU.ActiveCfg = Debug|Any CPU
		{F619F8E9-4B8A-4393-A3B8-C464F4573738}.Debug|Any CPU.Build.0 = Debug|Any CPU
		{F619F8E9-4B8A-4393-A3B8-C464F4573738}.Debug|x64.ActiveCfg = Debug|Any CPU
		{F619F8E9-4B8A-4393-A3B8-C464F4573738}.Debug|x64.Build.0 = Debug|Any CPU
		{F619F8E9-4B8A-4393-A3B8-C464F4573738}.Debug|x86.ActiveCfg = Debug|Any CPU
		{F619F8E9-4B8A-4393-A3B8-C464F4573738}.Debug|x86.Build.0 = Debug|Any CPU
		{F619F8E9-4B8A-4393-A3B8-C464F4573738}.Release|Any CPU.ActiveCfg = Release|Any CPU
		{F619F8E9-4B8A-4393-A3B8-C464F4573738}.Release|Any CPU.Build.0 = Release|Any CPU
		{F619F8E9-4B8A-4393-A3B8-C464F4573738}.Release|x64.ActiveCfg = Release|Any CPU
		{F619F8E9-4B8A-4393-A3B8-C464F4573738}.Release|x64.Build.0 = Release|Any CPU
		{F619F8E9-4B8A-4393-A3B8-C464F4573738}.Release|x86.ActiveCfg = Release|Any CPU
		{F619F8E9-4B8A-4393-A3B8-C464F4573738}.Release|x86.Build.0 = Release|Any CPU
	EndGlobalSection
	GlobalSection(SolutionProperties) = preSolution
		HideSolutionNode = FALSE
	EndGlobalSection
	GlobalSection(NestedProjects) = preSolution
		{0F9113EE-888A-26D2-68B0-4A7D0A2A8745} = {1AE8ACA6-933B-BF2A-3671-3E2EAC007D16}
		{7F0E1625-FDE8-4DA1-A612-1FDA7EF064A4} = {0F9113EE-888A-26D2-68B0-4A7D0A2A8745}
		{EDDA5A3E-1678-4569-AC3A-554758EE2E10} = {0F9113EE-888A-26D2-68B0-4A7D0A2A8745}
		{7A0B6B57-9164-4923-93F4-829E197E84BC} = {0F9113EE-888A-26D2-68B0-4A7D0A2A8745}
		{F7629CDF-F4B8-4597-B538-9B55F6FC85E4} = {0F9113EE-888A-26D2-68B0-4A7D0A2A8745}
		{9E9DA6ED-8BF0-4453-B530-A94B54AED092} = {0F9113EE-888A-26D2-68B0-4A7D0A2A8745}
		{116B02C2-AAB9-41B9-BEE2-7C4F76EDFF7F} = {0F9113EE-888A-26D2-68B0-4A7D0A2A8745}
		{F619F8E9-4B8A-4393-A3B8-C464F4573738} = {0FFEEB6A-E627-9A6A-8363-9175E7389C0B}
	EndGlobalSection
EndGlobal
